
Microsoft Visual Studio Solution File, Format Version 11.00
# Visual Studio 2010
Project("{FAE04EC0-301F-11D3-BF4B-00C04F79EFBC}") = "WordBrain_v1.0", "Assembly-CSharp-firstpass.csproj", "{8E7F49DE-49EF-A723-DF2E-FB47367BD344}"
EndProject
Project("{FAE04EC0-301F-11D3-BF4B-00C04F79EFBC}") = "WordBrain_v1.0", "Assembly-CSharp.csproj", "{4EEE6081-08CA-BE34-D258-CC9828B4B7DE}"
EndProject
Project("{FAE04EC0-301F-11D3-BF4B-00C04F79EFBC}") = "WordBrain_v1.0", "Assembly-CSharp-Editor-firstpass.csproj", "{F8420E1C-E6C7-264C-5E60-FF2D27B10D2D}"
EndProject
Project("{FAE04EC0-301F-11D3-BF4B-00C04F79EFBC}") = "WordBrain_v1.0", "Assembly-CSharp-Editor.csproj", "{D566CC53-5593-E43A-DAB4-ADCA1BB8B03D}"
EndProject
Global
	GlobalSection(SolutionConfigurationPlatforms) = preSolution
		Debug|Any CPU = Debug|Any CPU
		Release|Any CPU = Release|Any CPU
	EndGlobalSection
	GlobalSection(ProjectConfigurationPlatforms) = postSolution
		{8E7F49DE-49EF-A723-DF2E-FB47367BD344}.Debug|Any CPU.ActiveCfg = Debug|Any CPU
		{8E7F49DE-49EF-A723-DF2E-FB47367BD344}.Debug|Any CPU.Build.0 = Debug|Any CPU
		{8E7F49DE-49EF-A723-DF2E-FB47367BD344}.Release|Any CPU.ActiveCfg = Release|Any CPU
		{8E7F49DE-49EF-A723-DF2E-FB47367BD344}.Release|Any CPU.Build.0 = Release|Any CPU
		{4EEE6081-08CA-BE34-D258-CC9828B4B7DE}.Debug|Any CPU.ActiveCfg = Debug|Any CPU
		{4EEE6081-08CA-BE34-D258-CC9828B4B7DE}.Debug|Any CPU.Build.0 = Debug|Any CPU
		{4EEE6081-08CA-BE34-D258-CC9828B4B7DE}.Release|Any CPU.ActiveCfg = Release|Any CPU
		{4EEE6081-08CA-BE34-D258-CC9828B4B7DE}.Release|Any CPU.Build.0 = Release|Any CPU
		{F8420E1C-E6C7-264C-5E60-FF2D27B10D2D}.Debug|Any CPU.ActiveCfg = Debug|Any CPU
		{F8420E1C-E6C7-264C-5E60-FF2D27B10D2D}.Debug|Any CPU.Build.0 = Debug|Any CPU
		{F8420E1C-E6C7-264C-5E60-FF2D27B10D2D}.Release|Any CPU.ActiveCfg = Release|Any CPU
		{F8420E1C-E6C7-264C-5E60-FF2D27B10D2D}.Release|Any CPU.Build.0 = Release|Any CPU
		{D566CC53-5593-E43A-DAB4-ADCA1BB8B03D}.Debug|Any CPU.ActiveCfg = Debug|Any CPU
		{D566CC53-5593-E43A-DAB4-ADCA1BB8B03D}.Debug|Any CPU.Build.0 = Debug|Any CPU
		{D566CC53-5593-E43A-DAB4-ADCA1BB8B03D}.Release|Any CPU.ActiveCfg = Release|Any CPU
		{D566CC53-5593-E43A-DAB4-ADCA1BB8B03D}.Release|Any CPU.Build.0 = Release|Any CPU
	EndGlobalSection
	GlobalSection(SolutionProperties) = preSolution
		HideSolutionNode = FALSE
	EndGlobalSection
	GlobalSection(MonoDevelopProperties) = preSolution
		StartupItem = Assembly-CSharp.csproj
	EndGlobalSection
EndGlobal
